
Microsoft Visual Studio Solution File, Format Version 12.00
# Visual Studio Version 17
VisualStudioVersion = 17.8.34330.188
MinimumVisualStudioVersion = 10.0.40219.1
Project("{FAE04EC0-301F-11D3-BF4B-00C04F79EFBC}") = "WebApp", "WebApp\WebApp.csproj", "{C674A673-C9B3-49D6-9ECA-D6D66F29877D}"
EndProject
Global
	GlobalSection(SolutionConfigurationPlatforms) = preSolution
		Debug|Any CPU = Debug|Any CPU
		Release|Any CPU = Release|Any CPU
	EndGlobalSection
	GlobalSection(ProjectConfigurationPlatforms) = postSolution
		{C674A673-C9B3-49D6-9ECA-D6D66F29877D}.Debug|Any CPU.ActiveCfg = Debug|Any CPU
		{C674A673-C9B3-49D6-9ECA-D6D66F29877D}.Debug|Any CPU.Build.0 = Debug|Any CPU
		{C674A673-C9B3-49D6-9ECA-D6D66F29877D}.Release|Any CPU.ActiveCfg = Release|Any CPU
		{C674A673-C9B3-49D6-9ECA-D6D66F29877D}.Release|Any CPU.Build.0 = Release|Any CPU
	EndGlobalSection
	GlobalSection(SolutionProperties) = preSolution
		HideSolutionNode = FALSE
	EndGlobalSection
	GlobalSection(ExtensibilityGlobals) = postSolution
		SolutionGuid = {EEC67C30-7322-44FB-9ED9-DC50B12616E9}
	EndGlobalSection
EndGlobal
